// !$*UTF8*$!
{
	archiveVersion = 1;
	classes = {
	};
	objectVersion = 46;
	objects = {

/* Begin PBXBuildFile section */
		4C1AF4BC1BFECAC500876815 /* AppDelegate.swift in Sources */ = {isa = PBXBuildFile; fileRef = 4C1AF4BB1BFECAC500876815 /* AppDelegate.swift */; };
		4C1AF4BE1BFECAC500876815 /* ViewController.swift in Sources */ = {isa = PBXBuildFile; fileRef = 4C1AF4BD1BFECAC500876815 /* ViewController.swift */; };
		4C1AF4C11BFECAC500876815 /* Main.storyboard in Resources */ = {isa = PBXBuildFile; fileRef = 4C1AF4BF1BFECAC500876815 /* Main.storyboard */; };
		4C1AF4C31BFECAC500876815 /* Assets.xcassets in Resources */ = {isa = PBXBuildFile; fileRef = 4C1AF4C21BFECAC500876815 /* Assets.xcassets */; };
		4C1AF4C61BFECAC500876815 /* LaunchScreen.storyboard in Resources */ = {isa = PBXBuildFile; fileRef = 4C1AF4C41BFECAC500876815 /* LaunchScreen.storyboard */; };
		4C1AF4D11BFECAC500876815 /* UImyTests.swift in Sources */ = {isa = PBXBuildFile; fileRef = 4C1AF4D01BFECAC500876815 /* UImyTests.swift */; };
		4C1AF4DC1BFECAC500876815 /* UImyUITests.swift in Sources */ = {isa = PBXBuildFile; fileRef = 4C1AF4DB1BFECAC500876815 /* UImyUITests.swift */; };
/* End PBXBuildFile section */

/* Begin PBXContainerItemProxy section */
		4C1AF4CD1BFECAC500876815 /* PBXContainerItemProxy */ = {
			isa = PBXContainerItemProxy;
			containerPortal = 4C1AF4B01BFECAC500876815 /* Project object */;
			proxyType = 1;
			remoteGlobalIDString = 4C1AF4B71BFECAC500876815;
			remoteInfo = UImy;
		};
		4C1AF4D81BFECAC500876815 /* PBXContainerItemProxy */ = {
			isa = PBXContainerItemProxy;
			containerPortal = 4C1AF4B01BFECAC500876815 /* Project object */;
			proxyType = 1;
			remoteGlobalIDString = 4C1AF4B71BFECAC500876815;
			remoteInfo = UImy;
		};
/* End PBXContainerItemProxy section */

/* Begin PBXFileReference section */
		4C1AF4B81BFECAC500876815 /* UImy.app */ = {isa = PBXFileReference; explicitFileType = wrapper.application; includeInIndex = 0; path = UImy.app; sourceTree = BUILT_PRODUCTS_DIR; };
		4C1AF4BB1BFECAC500876815 /* AppDelegate.swift */ = {isa = PBXFileReference; lastKnownFileType = sourcecode.swift; path = AppDelegate.swift; sourceTree = "<group>"; };
		4C1AF4BD1BFECAC500876815 /* ViewController.swift */ = {isa = PBXFileReference; lastKnownFileType = sourcecode.swift; path = ViewController.swift; sourceTree = "<group>"; };
		4C1AF4C01BFECAC500876815 /* Base */ = {isa = PBXFileReference; lastKnownFileType = file.storyboard; name = Base; path = Base.lproj/Main.storyboard; sourceTree = "<group>"; };
		4C1AF4C21BFECAC500876815 /* Assets.xcassets */ = {isa = PBXFileReference; lastKnownFileType = folder.assetcatalog; path = Assets.xcassets; sourceTree = "<group>"; };
		4C1AF4C51BFECAC500876815 /* Base */ = {isa = PBXFileReference; lastKnownFileType = file.storyboard; name = Base; path = Base.lproj/LaunchScreen.storyboard; sourceTree = "<group>"; };
		4C1AF4C71BFECAC500876815 /* Info.plist */ = {isa = PBXFileReference; lastKnownFileType = text.plist.xml; path = Info.plist; sourceTree = "<group>"; };
		4C1AF4CC1BFECAC500876815 /* UImyTests.xctest */ = {isa = PBXFileReference; explicitFileType = wrapper.cfbundle; includeInIndex = 0; path = UImyTests.xctest; sourceTree = BUILT_PRODUCTS_DIR; };
		4C1AF4D01BFECAC500876815 /* UImyTests.swift */ = {isa = PBXFileReference; lastKnownFileType = sourcecode.swift; path = UImyTests.swift; sourceTree = "<group>"; };
		4C1AF4D21BFECAC500876815 /* Info.plist */ = {isa = PBXFileReference; lastKnownFileType = text.plist.xml; path = Info.plist; sourceTree = "<group>"; };
		4C1AF4D71BFECAC500876815 /* UImyUITests.xctest */ = {isa = PBXFileReference; explicitFileType = wrapper.cfbundle; includeInIndex = 0; path = UImyUITests.xctest; sourceTree = BUILT_PRODUCTS_DIR; };
		4C1AF4DB1BFECAC500876815 /* UImyUITests.swift */ = {isa = PBXFileReference; lastKnownFileType = sourcecode.swift; path = UImyUITests.swift; sourceTree = "<group>"; };
		4C1AF4DD1BFECAC500876815 /* Info.plist */ = {isa = PBXFileReference; lastKnownFileType = text.plist.xml; path = Info.plist; sourceTree = "<group>"; };
/* End PBXFileReference section */

/* Begin PBXFrameworksBuildPhase section */
		4C1AF4B51BFECAC500876815 /* Frameworks */ = {
			isa = PBXFrameworksBuildPhase;
			buildActionMask = 2147483647;
			files = (
			);
			runOnlyForDeploymentPostprocessing = 0;
		};
		4C1AF4C91BFECAC500876815 /* Frameworks */ = {
			isa = PBXFrameworksBuildPhase;
			buildActionMask = 2147483647;
			files = (
			);
			runOnlyForDeploymentPostprocessing = 0;
		};
		4C1AF4D41BFECAC500876815 /* Frameworks */ = {
			isa = PBXFrameworksBuildPhase;
			buildActionMask = 2147483647;
			files = (
			);
			runOnlyForDeploymentPostprocessing = 0;
		};
/* End PBXFrameworksBuildPhase section */

/* Begin PBXGroup section */
		4C1AF4AF1BFECAC500876815 = {
			isa = PBXGroup;
			children = (
				4C1AF4BA1BFECAC500876815 /* UImy */,
				4C1AF4CF1BFECAC500876815 /* UImyTests */,
				4C1AF4DA1BFECAC500876815 /* UImyUITests */,
				4C1AF4B91BFECAC500876815 /* Products */,
			);
			sourceTree = "<group>";
		};
		4C1AF4B91BFECAC500876815 /* Products */ = {
			isa = PBXGroup;
			children = (
				4C1AF4B81BFECAC500876815 /* UImy.app */,
				4C1AF4CC1BFECAC500876815 /* UImyTests.xctest */,
				4C1AF4D71BFECAC500876815 /* UImyUITests.xctest */,
			);
			name = Products;
			sourceTree = "<group>";
		};
		4C1AF4BA1BFECAC500876815 /* UImy */ = {
			isa = PBXGroup;
			children = (
				4C1AF4BB1BFECAC500876815 /* AppDelegate.swift */,
				4C1AF4BD1BFECAC500876815 /* ViewController.swift */,
				4C1AF4BF1BFECAC500876815 /* Main.storyboard */,
				4C1AF4C21BFECAC500876815 /* Assets.xcassets */,
				4C1AF4C41BFECAC500876815 /* LaunchScreen.storyboard */,
				4C1AF4C71BFECAC500876815 /* Info.plist */,
			);
			path = UImy;
			sourceTree = "<group>";
		};
		4C1AF4CF1BFECAC500876815 /* UImyTests */ = {
			isa = PBXGroup;
			children = (
				4C1AF4D01BFECAC500876815 /* UImyTests.swift */,
				4C1AF4D21BFECAC500876815 /* Info.plist */,
			);
			path = UImyTests;
			sourceTree = "<group>";
		};
		4C1AF4DA1BFECAC500876815 /* UImyUITests */ = {
			isa = PBXGroup;
			children = (
				4C1AF4DB1BFECAC500876815 /* UImyUITests.swift */,
				4C1AF4DD1BFECAC500876815 /* Info.plist */,
			);
			path = UImyUITests;
			sourceTree = "<group>";
		};
/* End PBXGroup section */

/* Begin PBXNativeTarget section */
		4C1AF4B71BFECAC500876815 /* UImy */ = {
			isa = PBXNativeTarget;
			buildConfigurationList = 4C1AF4E01BFECAC500876815 /* Build configuration list for PBXNativeTarget "UImy" */;
			buildPhases = (
				4C1AF4B41BFECAC500876815 /* Sources */,
				4C1AF4B51BFECAC500876815 /* Frameworks */,
				4C1AF4B61BFECAC500876815 /* Resources */,
			);
			buildRules = (
			);
			dependencies = (
			);
			name = UImy;
			productName = UImy;
			productReference = 4C1AF4B81BFECAC500876815 /* UImy.app */;
			productType = "com.apple.product-type.application";
		};
		4C1AF4CB1BFECAC500876815 /* UImyTests */ = {
			isa = PBXNativeTarget;
			buildConfigurationList = 4C1AF4E31BFECAC500876815 /* Build configuration list for PBXNativeTarget "UImyTests" */;
			buildPhases = (
				4C1AF4C81BFECAC500876815 /* Sources */,
				4C1AF4C91BFECAC500876815 /* Frameworks */,
				4C1AF4CA1BFECAC500876815 /* Resources */,
			);
			buildRules = (
			);
			dependencies = (
				4C1AF4CE1BFECAC500876815 /* PBXTargetDependency */,
			);
			name = UImyTests;
			productName = UImyTests;
			productReference = 4C1AF4CC1BFECAC500876815 /* UImyTests.xctest */;
			productType = "com.apple.product-type.bundle.unit-test";
		};
		4C1AF4D61BFECAC500876815 /* UImyUITests */ = {
			isa = PBXNativeTarget;
			buildConfigurationList = 4C1AF4E61BFECAC500876815 /* Build configuration list for PBXNativeTarget "UImyUITests" */;
			buildPhases = (
				4C1AF4D31BFECAC500876815 /* Sources */,
				4C1AF4D41BFECAC500876815 /* Frameworks */,
				4C1AF4D51BFECAC500876815 /* Resources */,
			);
			buildRules = (
			);
			dependencies = (
				4C1AF4D91BFECAC500876815 /* PBXTargetDependency */,
			);
			name = UImyUITests;
			productName = UImyUITests;
			productReference = 4C1AF4D71BFECAC500876815 /* UImyUITests.xctest */;
			productType = "com.apple.product-type.bundle.ui-testing";
		};
/* End PBXNativeTarget section */

/* Begin PBXProject section */
		4C1AF4B01BFECAC500876815 /* Project object */ = {
			isa = PBXProject;
			attributes = {
				LastUpgradeCheck = 0700;
				ORGANIZATIONNAME = CAIZHILI;
				TargetAttributes = {
					4C1AF4B71BFECAC500876815 = {
						CreatedOnToolsVersion = 7.0.1;
					};
					4C1AF4CB1BFECAC500876815 = {
						CreatedOnToolsVersion = 7.0.1;
						TestTargetID = 4C1AF4B71BFECAC500876815;
					};
					4C1AF4D61BFECAC500876815 = {
						CreatedOnToolsVersion = 7.0.1;
						TestTargetID = 4C1AF4B71BFECAC500876815;
					};
				};
			};
			buildConfigurationList = 4C1AF4B31BFECAC500876815 /* Build configuration list for PBXProject "UImy" */;
			compatibilityVersion = "Xcode 3.2";
			developmentRegion = English;
			hasScannedForEncodings = 0;
			knownRegions = (
				en,
				Base,
			);
			mainGroup = 4C1AF4AF1BFECAC500876815;
			productRefGroup = 4C1AF4B91BFECAC500876815 /* Products */;
			projectDirPath = "";
			projectRoot = "";
			targets = (
				4C1AF4B71BFECAC500876815 /* UImy */,
				4C1AF4CB1BFECAC500876815 /* UImyTests */,
				4C1AF4D61BFECAC500876815 /* UImyUITests */,
			);
		};
/* End PBXProject section */

/* Begin PBXResourcesBuildPhase section */
		4C1AF4B61BFECAC500876815 /* Resources */ = {
			isa = PBXResourcesBuildPhase;
			buildActionMask = 2147483647;
			files = (
				4C1AF4C61BFECAC500876815 /* LaunchScreen.storyboard in Resources */,
				4C1AF4C31BFECAC500876815 /* Assets.xcassets in Resources */,
				4C1AF4C11BFECAC500876815 /* Main.storyboard in Resources */,
			);
			runOnlyForDeploymentPostprocessing = 0;
		};
		4C1AF4CA1BFECAC500876815 /* Resources */ = {
			isa = PBXResourcesBuildPhase;
			buildActionMask = 2147483647;
			files = (
			);
			runOnlyForDeploymentPostprocessing = 0;
		};
		4C1AF4D51BFECAC500876815 /* Resources */ = {
			isa = PBXResourcesBuildPhase;
			buildActionMask = 2147483647;
			files = (
			);
			runOnlyForDeploymentPostprocessing = 0;
		};
/* End PBXResourcesBuildPhase section */

/* Begin PBXSourcesBuildPhase section */
		4C1AF4B41BFECAC500876815 /* Sources */ = {
			isa = PBXSourcesBuildPhase;
			buildActionMask = 2147483647;
			files = (
				4C1AF4BE1BFECAC500876815 /* ViewController.swift in Sources */,
				4C1AF4BC1BFECAC500876815 /* AppDelegate.swift in Sources */,
			);
			runOnlyForDeploymentPostprocessing = 0;
		};
		4C1AF4C81BFECAC500876815 /* Sources */ = {
			isa = PBXSourcesBuildPhase;
			buildActionMask = 2147483647;
			files = (
				4C1AF4D11BFECAC500876815 /* UImyTests.swift in Sources */,
			);
			runOnlyForDeploymentPostprocessing = 0;
		};
		4C1AF4D31BFECAC500876815 /* Sources */ = {
			isa = PBXSourcesBuildPhase;
			buildActionMask = 2147483647;
			files = (
				4C1AF4DC1BFECAC500876815 /* UImyUITests.swift in Sources */,
			);
			runOnlyForDeploymentPostprocessing = 0;
		};
/* End PBXSourcesBuildPhase section */

/* Begin PBXTargetDependency section */
		4C1AF4CE1BFECAC500876815 /* PBXTargetDependency */ = {
			isa = PBXTargetDependency;
			target = 4C1AF4B71BFECAC500876815 /* UImy */;
			targetProxy = 4C1AF4CD1BFECAC500876815 /* PBXContainerItemProxy */;
		};
		4C1AF4D91BFECAC500876815 /* PBXTargetDependency */ = {
			isa = PBXTargetDependency;
			target = 4C1AF4B71BFECAC500876815 /* UImy */;
			targetProxy = 4C1AF4D81BFECAC500876815 /* PBXContainerItemProxy */;
		};
/* End PBXTargetDependency section */

/* Begin PBXVariantGroup section */
		4C1AF4BF1BFECAC500876815 /* Main.storyboard */ = {
			isa = PBXVariantGroup;
			children = (
				4C1AF4C01BFECAC500876815 /* Base */,
			);
			name = Main.storyboard;
			sourceTree = "<group>";
		};
		4C1AF4C41BFECAC500876815 /* LaunchScreen.storyboard */ = {
			isa = PBXVariantGroup;
			children = (
				4C1AF4C51BFECAC500876815 /* Base */,
			);
			name = LaunchScreen.storyboard;
			sourceTree = "<group>";
		};
/* End PBXVariantGroup section */

/* Begin XCBuildConfiguration section */
		4C1AF4DE1BFECAC500876815 /* Debug */ = {
			isa = XCBuildConfiguration;
			buildSettings = {
				ALWAYS_SEARCH_USER_PATHS = NO;
				CLANG_CXX_LANGUAGE_STANDARD = "gnu++0x";
				CLANG_CXX_LIBRARY = "libc++";
				CLANG_ENABLE_MODULES = YES;
				CLANG_ENABLE_OBJC_ARC = YES;
				CLANG_WARN_BOOL_CONVERSION = YES;
				CLANG_WARN_CONSTANT_CONVERSION = YES;
				CLANG_WARN_DIRECT_OBJC_ISA_USAGE = YES_ERROR;
				CLANG_WARN_EMPTY_BODY = YES;
				CLANG_WARN_ENUM_CONVERSION = YES;
				CLANG_WARN_INT_CONVERSION = YES;
				CLANG_WARN_OBJC_ROOT_CLASS = YES_ERROR;
				CLANG_WARN_UNREACHABLE_CODE = YES;
				CLANG_WARN__DUPLICATE_METHOD_MATCH = YES;
				"CODE_SIGN_IDENTITY[sdk=iphoneos*]" = "iPhone Developer";
				COPY_PHASE_STRIP = NO;
				DEBUG_INFORMATION_FORMAT = dwarf;
				ENABLE_STRICT_OBJC_MSGSEND = YES;
				ENABLE_TESTABILITY = YES;
				GCC_C_LANGUAGE_STANDARD = gnu99;
				GCC_DYNAMIC_NO_PIC = NO;
				GCC_NO_COMMON_BLOCKS = YES;
				GCC_OPTIMIZATION_LEVEL = 0;
				GCC_PREPROCESSOR_DEFINITIONS = (
					"DEBUG=1",
					"$(inherited)",
				);
				GCC_WARN_64_TO_32_BIT_CONVERSION = YES;
				GCC_WARN_ABOUT_RETURN_TYPE = YES_ERROR;
				GCC_WARN_UNDECLARED_SELECTOR = YES;
				GCC_WARN_UNINITIALIZED_AUTOS = YES_AGGRESSIVE;
				GCC_WARN_UNUSED_FUNCTION = YES;
				GCC_WARN_UNUSED_VARIABLE = YES;
				IPHONEOS_DEPLOYMENT_TARGET = 9.0;
				MTL_ENABLE_DEBUG_INFO = YES;
				ONLY_ACTIVE_ARCH = YES;
				SDKROOT = iphoneos;
				SWIFT_OPTIMIZATION_LEVEL = "-Onone";
				TARGETED_DEVICE_FAMILY = "1,2";
			};
			name = Debug;
		};
		4C1AF4DF1BFECAC500876815 /* Release */ = {
			isa = XCBuildConfiguration;
			buildSettings = {
				ALWAYS_SEARCH_USER_PATHS = NO;
				CLANG_CXX_LANGUAGE_STANDARD = "gnu++0x";
				CLANG_CXX_LIBRARY = "libc++";
				CLANG_ENABLE_MODULES = YES;
				CLANG_ENABLE_OBJC_ARC = YES;
				CLANG_WARN_BOOL_CONVERSION = YES;
				CLANG_WARN_CONSTANT_CONVERSION = YES;
				CLANG_WARN_DIRECT_OBJC_ISA_USAGE = YES_ERROR;
				CLANG_WARN_EMPTY_BODY = YES;
				CLANG_WARN_ENUM_CONVERSION = YES;
				CLANG_WARN_INT_CONVERSION = YES;
				CLANG_WARN_OBJC_ROOT_CLASS = YES_ERROR;
				CLANG_WARN_UNREACHABLE_CODE = YES;
				CLANG_WARN__DUPLICATE_METHOD_MATCH = YES;
				"CODE_SIGN_IDENTITY[sdk=iphoneos*]" = "iPhone Developer";
				COPY_PHASE_STRIP = NO;
				DEBUG_INFORMATION_FORMAT = "dwarf-with-dsym";
				ENABLE_NS_ASSERTIONS = NO;
				ENABLE_STRICT_OBJC_MSGSEND = YES;
				GCC_C_LANGUAGE_STANDARD = gnu99;
				GCC_NO_COMMON_BLOCKS = YES;
				GCC_WARN_64_TO_32_BIT_CONVERSION = YES;
				GCC_WARN_ABOUT_RETURN_TYPE = YES_ERROR;
				GCC_WARN_UNDECLARED_SELECTOR = YES;
				GCC_WARN_UNINITIALIZED_AUTOS = YES_AGGRESSIVE;
				GCC_WARN_UNUSED_FUNCTION = YES;
				GCC_WARN_UNUSED_VARIABLE = YES;
				IPHONEOS_DEPLOYMENT_TARGET = 9.0;
				MTL_ENABLE_DEBUG_INFO = NO;
				SDKROOT = iphoneos;
				TARGETED_DEVICE_FAMILY = "1,2";
				VALIDATE_PRODUCT = YES;
			};
			name = Release;
		};
		4C1AF4E11BFECAC500876815 /* Debug */ = {
			isa = XCBuildConfiguration;
			buildSettings = {
				ASSETCATALOG_COMPILER_APPICON_NAME = AppIcon;
				INFOPLIST_FILE = UImy/Info.plist;
				IPHONEOS_DEPLOYMENT_TARGET = 9.0;
				LD_RUNPATH_SEARCH_PATHS = "$(inherited) @executable_path/Frameworks";
				PRODUCT_BUNDLE_IDENTIFIER = no.UImy;
				PRODUCT_NAME = "$(TARGET_NAME)";
			};
			name = Debug;
		};
		4C1AF4E21BFECAC500876815 /* Release */ = {
			isa = XCBuildConfiguration;
			buildSettings = {
				ASSETCATALOG_COMPILER_APPICON_NAME = AppIcon;
				INFOPLIST_FILE = UImy/Info.plist;
				IPHONEOS_DEPLOYMENT_TARGET = 9.0;
				LD_RUNPATH_SEARCH_PATHS = "$(inherited) @executable_path/Frameworks";
				PRODUCT_BUNDLE_IDENTIFIER = no.UImy;
				PRODUCT_NAME = "$(TARGET_NAME)";
			};
			name = Release;
		};
		4C1AF4E41BFECAC500876815 /* Debug */ = {
			isa = XCBuildConfiguration;
			buildSettings = {
				BUNDLE_LOADER = "$(TEST_HOST)";
				INFOPLIST_FILE = UImyTests/Info.plist;
				LD_RUNPATH_SEARCH_PATHS = "$(inherited) @executable_path/Frameworks @loader_path/Frameworks";
				PRODUCT_BUNDLE_IDENTIFIER = no.UImyTests;
				PRODUCT_NAME = "$(TARGET_NAME)";
				TEST_HOST = "$(BUILT_PRODUCTS_DIR)/UImy.app/UImy";
			};
			name = Debug;
		};
		4C1AF4E51BFECAC500876815 /* Release */ = {
			isa = XCBuildConfiguration;
			buildSettings = {
				BUNDLE_LOADER = "$(TEST_HOST)";
				INFOPLIST_FILE = UImyTests/Info.plist;
				LD_RUNPATH_SEARCH_PATHS = "$(inherited) @executable_path/Frameworks @loader_path/Frameworks";
				PRODUCT_BUNDLE_IDENTIFIER = no.UImyTests;
				PRODUCT_NAME = "$(TARGET_NAME)";
				TEST_HOST = "$(BUILT_PRODUCTS_DIR)/UImy.app/UImy";
			};
			name = Release;
		};
		4C1AF4E71BFECAC500876815 /* Debug */ = {
			isa = XCBuildConfiguration;
			buildSettings = {
				INFOPLIST_FILE = UImyUITests/Info.plist;
				LD_RUNPATH_SEARCH_PATHS = "$(inherited) @executable_path/Frameworks @loader_path/Frameworks";
				PRODUCT_BUNDLE_IDENTIFIER = no.UImyUITests;
				PRODUCT_NAME = "$(TARGET_NAME)";
				TEST_TARGET_NAME = UImy;
				USES_XCTRUNNER = YES;
			};
			name = Debug;
		};
		4C1AF4E81BFECAC500876815 /* Release */ = {
			isa = XCBuildConfiguration;
			buildSettings = {
				INFOPLIST_FILE = UImyUITests/Info.plist;
				LD_RUNPATH_SEARCH_PATHS = "$(inherited) @executable_path/Frameworks @loader_path/Frameworks";
				PRODUCT_BUNDLE_IDENTIFIER = no.UImyUITests;
				PRODUCT_NAME = "$(TARGET_NAME)";
				TEST_TARGET_NAME = UImy;
				USES_XCTRUNNER = YES;
			};
			name = Release;
		};
/* End XCBuildConfiguration section */

/* Begin XCConfigurationList section */
		4C1AF4B31BFECAC500876815 /* Build configuration list for PBXProject "UImy" */ = {
			isa = XCConfigurationList;
			buildConfigurations = (
				4C1AF4DE1BFECAC500876815 /* Debug */,
				4C1AF4DF1BFECAC500876815 /* Release */,
			);
			defaultConfigurationIsVisible = 0;
			defaultConfigurationName = Release;
		};
		4C1AF4E01BFECAC500876815 /* Build configuration list for PBXNativeTarget "UImy" */ = {
			isa = XCConfigurationList;
			buildConfigurations = (
				4C1AF4E11BFECAC500876815 /* Debug */,
				4C1AF4E21BFECAC500876815 /* Release */,
			);
			defaultConfigurationIsVisible = 0;
		};
		4C1AF4E31BFECAC500876815 /* Build configuration list for PBXNativeTarget "UImyTests" */ = {
			isa = XCConfigurationList;
			buildConfigurations = (
				4C1AF4E41BFECAC500876815 /* Debug */,
				4C1AF4E51BFECAC500876815 /* Release */,
			);
			defaultConfigurationIsVisible = 0;
		};
		4C1AF4E61BFECAC500876815 /* Build configuration list for PBXNativeTarget "UImyUITests" */ = {
			isa = XCConfigurationList;
			buildConfigurations = (
				4C1AF4E71BFECAC500876815 /* Debug */,
				4C1AF4E81BFECAC500876815 /* Release */,
			);
			defaultConfigurationIsVisible = 0;
		};
/* End XCConfigurationList section */
	};
	rootObject = 4C1AF4B01BFECAC500876815 /* Project object */;
}
