// !$*UTF8*$!
{
	archiveVersion = 1;
	classes = {
	};
	objectVersion = 46;
	objects = {

/* Begin PBXBuildFile section */
		4C2D7D871BECE96D00D0132D /* main.swift in Sources */ = {isa = PBXBuildFile; fileRef = 4C2D7D861BECE96D00D0132D /* main.swift */; };
/* End PBXBuildFile section */

/* Begin PBXCopyFilesBuildPhase section */
		4C2D7D811BECE96D00D0132D /* CopyFiles */ = {
			isa = PBXCopyFilesBuildPhase;
			buildActionMask = 2147483647;
			dstPath = /usr/share/man/man1/;
			dstSubfolderSpec = 0;
			files = (
			);
			runOnlyForDeploymentPostprocessing = 1;
		};
/* End PBXCopyFilesBuildPhase section */

/* Begin PBXFileReference section */
		4C2D7D831BECE96D00D0132D /* [005]ExtensionsArray */ = {isa = PBXFileReference; explicitFileType = "compiled.mach-o.executable"; includeInIndex = 0; path = "[005]ExtensionsArray"; sourceTree = BUILT_PRODUCTS_DIR; };
		4C2D7D861BECE96D00D0132D /* main.swift */ = {isa = PBXFileReference; lastKnownFileType = sourcecode.swift; path = main.swift; sourceTree = "<group>"; };
/* End PBXFileReference section */

/* Begin PBXFrameworksBuildPhase section */
		4C2D7D801BECE96D00D0132D /* Frameworks */ = {
			isa = PBXFrameworksBuildPhase;
			buildActionMask = 2147483647;
			files = (
			);
			runOnlyForDeploymentPostprocessing = 0;
		};
/* End PBXFrameworksBuildPhase section */

/* Begin PBXGroup section */
		4C2D7D7A1BECE96D00D0132D = {
			isa = PBXGroup;
			children = (
				4C2D7D851BECE96D00D0132D /* [005]ExtensionsArray */,
				4C2D7D841BECE96D00D0132D /* Products */,
			);
			sourceTree = "<group>";
		};
		4C2D7D841BECE96D00D0132D /* Products */ = {
			isa = PBXGroup;
			children = (
				4C2D7D831BECE96D00D0132D /* [005]ExtensionsArray */,
			);
			name = Products;
			sourceTree = "<group>";
		};
		4C2D7D851BECE96D00D0132D /* [005]ExtensionsArray */ = {
			isa = PBXGroup;
			children = (
				4C2D7D861BECE96D00D0132D /* main.swift */,
			);
			path = "[005]ExtensionsArray";
			sourceTree = "<group>";
		};
/* End PBXGroup section */

/* Begin PBXNativeTarget section */
		4C2D7D821BECE96D00D0132D /* [005]ExtensionsArray */ = {
			isa = PBXNativeTarget;
			buildConfigurationList = 4C2D7D8A1BECE96D00D0132D /* Build configuration list for PBXNativeTarget "[005]ExtensionsArray" */;
			buildPhases = (
				4C2D7D7F1BECE96D00D0132D /* Sources */,
				4C2D7D801BECE96D00D0132D /* Frameworks */,
				4C2D7D811BECE96D00D0132D /* CopyFiles */,
			);
			buildRules = (
			);
			dependencies = (
			);
			name = "[005]ExtensionsArray";
			productName = "[005]ExtensionsArray";
			productReference = 4C2D7D831BECE96D00D0132D /* [005]ExtensionsArray */;
			productType = "com.apple.product-type.tool";
		};
/* End PBXNativeTarget section */

/* Begin PBXProject section */
		4C2D7D7B1BECE96D00D0132D /* Project object */ = {
			isa = PBXProject;
			attributes = {
				LastUpgradeCheck = 0700;
				ORGANIZATIONNAME = CAIZHILI;
				TargetAttributes = {
					4C2D7D821BECE96D00D0132D = {
						CreatedOnToolsVersion = 7.0.1;
					};
				};
			};
			buildConfigurationList = 4C2D7D7E1BECE96D00D0132D /* Build configuration list for PBXProject "[005]ExtensionsArray" */;
			compatibilityVersion = "Xcode 3.2";
			developmentRegion = English;
			hasScannedForEncodings = 0;
			knownRegions = (
				en,
			);
			mainGroup = 4C2D7D7A1BECE96D00D0132D;
			productRefGroup = 4C2D7D841BECE96D00D0132D /* Products */;
			projectDirPath = "";
			projectRoot = "";
			targets = (
				4C2D7D821BECE96D00D0132D /* [005]ExtensionsArray */,
			);
		};
/* End PBXProject section */

/* Begin PBXSourcesBuildPhase section */
		4C2D7D7F1BECE96D00D0132D /* Sources */ = {
			isa = PBXSourcesBuildPhase;
			buildActionMask = 2147483647;
			files = (
				4C2D7D871BECE96D00D0132D /* main.swift in Sources */,
			);
			runOnlyForDeploymentPostprocessing = 0;
		};
/* End PBXSourcesBuildPhase section */

/* Begin XCBuildConfiguration section */
		4C2D7D881BECE96D00D0132D /* Debug */ = {
			isa = XCBuildConfiguration;
			buildSettings = {
				ALWAYS_SEARCH_USER_PATHS = NO;
				CLANG_CXX_LANGUAGE_STANDARD = "gnu++0x";
				CLANG_CXX_LIBRARY = "libc++";
				CLANG_ENABLE_MODULES = YES;
				CLANG_ENABLE_OBJC_ARC = YES;
				CLANG_WARN_BOOL_CONVERSION = YES;
				CLANG_WARN_CONSTANT_CONVERSION = YES;
				CLANG_WARN_DIRECT_OBJC_ISA_USAGE = YES_ERROR;
				CLANG_WARN_EMPTY_BODY = YES;
				CLANG_WARN_ENUM_CONVERSION = YES;
				CLANG_WARN_INT_CONVERSION = YES;
				CLANG_WARN_OBJC_ROOT_CLASS = YES_ERROR;
				CLANG_WARN_UNREACHABLE_CODE = YES;
				CLANG_WARN__DUPLICATE_METHOD_MATCH = YES;
				COPY_PHASE_STRIP = NO;
				DEBUG_INFORMATION_FORMAT = dwarf;
				ENABLE_STRICT_OBJC_MSGSEND = YES;
				ENABLE_TESTABILITY = YES;
				GCC_C_LANGUAGE_STANDARD = gnu99;
				GCC_DYNAMIC_NO_PIC = NO;
				GCC_NO_COMMON_BLOCKS = YES;
				GCC_OPTIMIZATION_LEVEL = 0;
				GCC_PREPROCESSOR_DEFINITIONS = (
					"DEBUG=1",
					"$(inherited)",
				);
				GCC_WARN_64_TO_32_BIT_CONVERSION = YES;
				GCC_WARN_ABOUT_RETURN_TYPE = YES_ERROR;
				GCC_WARN_UNDECLARED_SELECTOR = YES;
				GCC_WARN_UNINITIALIZED_AUTOS = YES_AGGRESSIVE;
				GCC_WARN_UNUSED_FUNCTION = YES;
				GCC_WARN_UNUSED_VARIABLE = YES;
				MACOSX_DEPLOYMENT_TARGET = 10.11;
				MTL_ENABLE_DEBUG_INFO = YES;
				ONLY_ACTIVE_ARCH = YES;
				SDKROOT = macosx;
				SWIFT_OPTIMIZATION_LEVEL = "-Onone";
			};
			name = Debug;
		};
		4C2D7D891BECE96D00D0132D /* Release */ = {
			isa = XCBuildConfiguration;
			buildSettings = {
				ALWAYS_SEARCH_USER_PATHS = NO;
				CLANG_CXX_LANGUAGE_STANDARD = "gnu++0x";
				CLANG_CXX_LIBRARY = "libc++";
				CLANG_ENABLE_MODULES = YES;
				CLANG_ENABLE_OBJC_ARC = YES;
				CLANG_WARN_BOOL_CONVERSION = YES;
				CLANG_WARN_CONSTANT_CONVERSION = YES;
				CLANG_WARN_DIRECT_OBJC_ISA_USAGE = YES_ERROR;
				CLANG_WARN_EMPTY_BODY = YES;
				CLANG_WARN_ENUM_CONVERSION = YES;
				CLANG_WARN_INT_CONVERSION = YES;
				CLANG_WARN_OBJC_ROOT_CLASS = YES_ERROR;
				CLANG_WARN_UNREACHABLE_CODE = YES;
				CLANG_WARN__DUPLICATE_METHOD_MATCH = YES;
				COPY_PHASE_STRIP = NO;
				DEBUG_INFORMATION_FORMAT = "dwarf-with-dsym";
				ENABLE_NS_ASSERTIONS = NO;
				ENABLE_STRICT_OBJC_MSGSEND = YES;
				GCC_C_LANGUAGE_STANDARD = gnu99;
				GCC_NO_COMMON_BLOCKS = YES;
				GCC_WARN_64_TO_32_BIT_CONVERSION = YES;
				GCC_WARN_ABOUT_RETURN_TYPE = YES_ERROR;
				GCC_WARN_UNDECLARED_SELECTOR = YES;
				GCC_WARN_UNINITIALIZED_AUTOS = YES_AGGRESSIVE;
				GCC_WARN_UNUSED_FUNCTION = YES;
				GCC_WARN_UNUSED_VARIABLE = YES;
				MACOSX_DEPLOYMENT_TARGET = 10.11;
				MTL_ENABLE_DEBUG_INFO = NO;
				SDKROOT = macosx;
			};
			name = Release;
		};
		4C2D7D8B1BECE96D00D0132D /* Debug */ = {
			isa = XCBuildConfiguration;
			buildSettings = {
				PRODUCT_NAME = "$(TARGET_NAME)";
			};
			name = Debug;
		};
		4C2D7D8C1BECE96D00D0132D /* Release */ = {
			isa = XCBuildConfiguration;
			buildSettings = {
				PRODUCT_NAME = "$(TARGET_NAME)";
			};
			name = Release;
		};
/* End XCBuildConfiguration section */

/* Begin XCConfigurationList section */
		4C2D7D7E1BECE96D00D0132D /* Build configuration list for PBXProject "[005]ExtensionsArray" */ = {
			isa = XCConfigurationList;
			buildConfigurations = (
				4C2D7D881BECE96D00D0132D /* Debug */,
				4C2D7D891BECE96D00D0132D /* Release */,
			);
			defaultConfigurationIsVisible = 0;
			defaultConfigurationName = Release;
		};
		4C2D7D8A1BECE96D00D0132D /* Build configuration list for PBXNativeTarget "[005]ExtensionsArray" */ = {
			isa = XCConfigurationList;
			buildConfigurations = (
				4C2D7D8B1BECE96D00D0132D /* Debug */,
				4C2D7D8C1BECE96D00D0132D /* Release */,
			);
			defaultConfigurationIsVisible = 0;
		};
/* End XCConfigurationList section */
	};
	rootObject = 4C2D7D7B1BECE96D00D0132D /* Project object */;
}
