// !$*UTF8*$!
{
	archiveVersion = 1;
	classes = {
	};
	objectVersion = 46;
	objects = {

/* Begin PBXBuildFile section */
		4C7831711BEF365400237B8F /* main.swift in Sources */ = {isa = PBXBuildFile; fileRef = 4C7831701BEF365400237B8F /* main.swift */; };
		4C7831781BEF367F00237B8F /* PolygonShape.swift in Sources */ = {isa = PBXBuildFile; fileRef = 4C7831771BEF367F00237B8F /* PolygonShape.swift */; settings = {ASSET_TAGS = (); }; };
		4C78317A1BEF373B00237B8F /* Triangle.swift in Sources */ = {isa = PBXBuildFile; fileRef = 4C7831791BEF373B00237B8F /* Triangle.swift */; settings = {ASSET_TAGS = (); }; };
		4C78317C1BEF375000237B8F /* Square.swift in Sources */ = {isa = PBXBuildFile; fileRef = 4C78317B1BEF375000237B8F /* Square.swift */; settings = {ASSET_TAGS = (); }; };
		4C78317E1BEF376200237B8F /* Rectangle.swift in Sources */ = {isa = PBXBuildFile; fileRef = 4C78317D1BEF376200237B8F /* Rectangle.swift */; settings = {ASSET_TAGS = (); }; };
/* End PBXBuildFile section */

/* Begin PBXCopyFilesBuildPhase section */
		4C78316B1BEF365400237B8F /* CopyFiles */ = {
			isa = PBXCopyFilesBuildPhase;
			buildActionMask = 2147483647;
			dstPath = /usr/share/man/man1/;
			dstSubfolderSpec = 0;
			files = (
			);
			runOnlyForDeploymentPostprocessing = 1;
		};
/* End PBXCopyFilesBuildPhase section */

/* Begin PBXFileReference section */
		4C78316D1BEF365400237B8F /* [007]Poly */ = {isa = PBXFileReference; explicitFileType = "compiled.mach-o.executable"; includeInIndex = 0; path = "[007]Poly"; sourceTree = BUILT_PRODUCTS_DIR; };
		4C7831701BEF365400237B8F /* main.swift */ = {isa = PBXFileReference; lastKnownFileType = sourcecode.swift; path = main.swift; sourceTree = "<group>"; };
		4C7831771BEF367F00237B8F /* PolygonShape.swift */ = {isa = PBXFileReference; fileEncoding = 4; lastKnownFileType = sourcecode.swift; path = PolygonShape.swift; sourceTree = "<group>"; };
		4C7831791BEF373B00237B8F /* Triangle.swift */ = {isa = PBXFileReference; fileEncoding = 4; lastKnownFileType = sourcecode.swift; path = Triangle.swift; sourceTree = "<group>"; };
		4C78317B1BEF375000237B8F /* Square.swift */ = {isa = PBXFileReference; fileEncoding = 4; lastKnownFileType = sourcecode.swift; path = Square.swift; sourceTree = "<group>"; };
		4C78317D1BEF376200237B8F /* Rectangle.swift */ = {isa = PBXFileReference; fileEncoding = 4; lastKnownFileType = sourcecode.swift; path = Rectangle.swift; sourceTree = "<group>"; };
/* End PBXFileReference section */

/* Begin PBXFrameworksBuildPhase section */
		4C78316A1BEF365400237B8F /* Frameworks */ = {
			isa = PBXFrameworksBuildPhase;
			buildActionMask = 2147483647;
			files = (
			);
			runOnlyForDeploymentPostprocessing = 0;
		};
/* End PBXFrameworksBuildPhase section */

/* Begin PBXGroup section */
		4C7831641BEF365400237B8F = {
			isa = PBXGroup;
			children = (
				4C78316F1BEF365400237B8F /* [007]Poly */,
				4C78316E1BEF365400237B8F /* Products */,
			);
			sourceTree = "<group>";
		};
		4C78316E1BEF365400237B8F /* Products */ = {
			isa = PBXGroup;
			children = (
				4C78316D1BEF365400237B8F /* [007]Poly */,
			);
			name = Products;
			sourceTree = "<group>";
		};
		4C78316F1BEF365400237B8F /* [007]Poly */ = {
			isa = PBXGroup;
			children = (
				4C7831701BEF365400237B8F /* main.swift */,
				4C7831771BEF367F00237B8F /* PolygonShape.swift */,
				4C7831791BEF373B00237B8F /* Triangle.swift */,
				4C78317B1BEF375000237B8F /* Square.swift */,
				4C78317D1BEF376200237B8F /* Rectangle.swift */,
			);
			path = "[007]Poly";
			sourceTree = "<group>";
		};
/* End PBXGroup section */

/* Begin PBXNativeTarget section */
		4C78316C1BEF365400237B8F /* [007]Poly */ = {
			isa = PBXNativeTarget;
			buildConfigurationList = 4C7831741BEF365400237B8F /* Build configuration list for PBXNativeTarget "[007]Poly" */;
			buildPhases = (
				4C7831691BEF365400237B8F /* Sources */,
				4C78316A1BEF365400237B8F /* Frameworks */,
				4C78316B1BEF365400237B8F /* CopyFiles */,
			);
			buildRules = (
			);
			dependencies = (
			);
			name = "[007]Poly";
			productName = "[007]Poly";
			productReference = 4C78316D1BEF365400237B8F /* [007]Poly */;
			productType = "com.apple.product-type.tool";
		};
/* End PBXNativeTarget section */

/* Begin PBXProject section */
		4C7831651BEF365400237B8F /* Project object */ = {
			isa = PBXProject;
			attributes = {
				LastUpgradeCheck = 0700;
				ORGANIZATIONNAME = CAIZHILI;
				TargetAttributes = {
					4C78316C1BEF365400237B8F = {
						CreatedOnToolsVersion = 7.0.1;
					};
				};
			};
			buildConfigurationList = 4C7831681BEF365400237B8F /* Build configuration list for PBXProject "[007]Poly" */;
			compatibilityVersion = "Xcode 3.2";
			developmentRegion = English;
			hasScannedForEncodings = 0;
			knownRegions = (
				en,
			);
			mainGroup = 4C7831641BEF365400237B8F;
			productRefGroup = 4C78316E1BEF365400237B8F /* Products */;
			projectDirPath = "";
			projectRoot = "";
			targets = (
				4C78316C1BEF365400237B8F /* [007]Poly */,
			);
		};
/* End PBXProject section */

/* Begin PBXSourcesBuildPhase section */
		4C7831691BEF365400237B8F /* Sources */ = {
			isa = PBXSourcesBuildPhase;
			buildActionMask = 2147483647;
			files = (
				4C78317E1BEF376200237B8F /* Rectangle.swift in Sources */,
				4C78317C1BEF375000237B8F /* Square.swift in Sources */,
				4C78317A1BEF373B00237B8F /* Triangle.swift in Sources */,
				4C7831781BEF367F00237B8F /* PolygonShape.swift in Sources */,
				4C7831711BEF365400237B8F /* main.swift in Sources */,
			);
			runOnlyForDeploymentPostprocessing = 0;
		};
/* End PBXSourcesBuildPhase section */

/* Begin XCBuildConfiguration section */
		4C7831721BEF365400237B8F /* Debug */ = {
			isa = XCBuildConfiguration;
			buildSettings = {
				ALWAYS_SEARCH_USER_PATHS = NO;
				CLANG_CXX_LANGUAGE_STANDARD = "gnu++0x";
				CLANG_CXX_LIBRARY = "libc++";
				CLANG_ENABLE_MODULES = YES;
				CLANG_ENABLE_OBJC_ARC = YES;
				CLANG_WARN_BOOL_CONVERSION = YES;
				CLANG_WARN_CONSTANT_CONVERSION = YES;
				CLANG_WARN_DIRECT_OBJC_ISA_USAGE = YES_ERROR;
				CLANG_WARN_EMPTY_BODY = YES;
				CLANG_WARN_ENUM_CONVERSION = YES;
				CLANG_WARN_INT_CONVERSION = YES;
				CLANG_WARN_OBJC_ROOT_CLASS = YES_ERROR;
				CLANG_WARN_UNREACHABLE_CODE = YES;
				CLANG_WARN__DUPLICATE_METHOD_MATCH = YES;
				COPY_PHASE_STRIP = NO;
				DEBUG_INFORMATION_FORMAT = dwarf;
				ENABLE_STRICT_OBJC_MSGSEND = YES;
				ENABLE_TESTABILITY = YES;
				GCC_C_LANGUAGE_STANDARD = gnu99;
				GCC_DYNAMIC_NO_PIC = NO;
				GCC_NO_COMMON_BLOCKS = YES;
				GCC_OPTIMIZATION_LEVEL = 0;
				GCC_PREPROCESSOR_DEFINITIONS = (
					"DEBUG=1",
					"$(inherited)",
				);
				GCC_WARN_64_TO_32_BIT_CONVERSION = YES;
				GCC_WARN_ABOUT_RETURN_TYPE = YES_ERROR;
				GCC_WARN_UNDECLARED_SELECTOR = YES;
				GCC_WARN_UNINITIALIZED_AUTOS = YES_AGGRESSIVE;
				GCC_WARN_UNUSED_FUNCTION = YES;
				GCC_WARN_UNUSED_VARIABLE = YES;
				MACOSX_DEPLOYMENT_TARGET = 10.11;
				MTL_ENABLE_DEBUG_INFO = YES;
				ONLY_ACTIVE_ARCH = YES;
				SDKROOT = macosx;
				SWIFT_OPTIMIZATION_LEVEL = "-Onone";
			};
			name = Debug;
		};
		4C7831731BEF365400237B8F /* Release */ = {
			isa = XCBuildConfiguration;
			buildSettings = {
				ALWAYS_SEARCH_USER_PATHS = NO;
				CLANG_CXX_LANGUAGE_STANDARD = "gnu++0x";
				CLANG_CXX_LIBRARY = "libc++";
				CLANG_ENABLE_MODULES = YES;
				CLANG_ENABLE_OBJC_ARC = YES;
				CLANG_WARN_BOOL_CONVERSION = YES;
				CLANG_WARN_CONSTANT_CONVERSION = YES;
				CLANG_WARN_DIRECT_OBJC_ISA_USAGE = YES_ERROR;
				CLANG_WARN_EMPTY_BODY = YES;
				CLANG_WARN_ENUM_CONVERSION = YES;
				CLANG_WARN_INT_CONVERSION = YES;
				CLANG_WARN_OBJC_ROOT_CLASS = YES_ERROR;
				CLANG_WARN_UNREACHABLE_CODE = YES;
				CLANG_WARN__DUPLICATE_METHOD_MATCH = YES;
				COPY_PHASE_STRIP = NO;
				DEBUG_INFORMATION_FORMAT = "dwarf-with-dsym";
				ENABLE_NS_ASSERTIONS = NO;
				ENABLE_STRICT_OBJC_MSGSEND = YES;
				GCC_C_LANGUAGE_STANDARD = gnu99;
				GCC_NO_COMMON_BLOCKS = YES;
				GCC_WARN_64_TO_32_BIT_CONVERSION = YES;
				GCC_WARN_ABOUT_RETURN_TYPE = YES_ERROR;
				GCC_WARN_UNDECLARED_SELECTOR = YES;
				GCC_WARN_UNINITIALIZED_AUTOS = YES_AGGRESSIVE;
				GCC_WARN_UNUSED_FUNCTION = YES;
				GCC_WARN_UNUSED_VARIABLE = YES;
				MACOSX_DEPLOYMENT_TARGET = 10.11;
				MTL_ENABLE_DEBUG_INFO = NO;
				SDKROOT = macosx;
			};
			name = Release;
		};
		4C7831751BEF365400237B8F /* Debug */ = {
			isa = XCBuildConfiguration;
			buildSettings = {
				PRODUCT_NAME = "$(TARGET_NAME)";
			};
			name = Debug;
		};
		4C7831761BEF365400237B8F /* Release */ = {
			isa = XCBuildConfiguration;
			buildSettings = {
				PRODUCT_NAME = "$(TARGET_NAME)";
			};
			name = Release;
		};
/* End XCBuildConfiguration section */

/* Begin XCConfigurationList section */
		4C7831681BEF365400237B8F /* Build configuration list for PBXProject "[007]Poly" */ = {
			isa = XCConfigurationList;
			buildConfigurations = (
				4C7831721BEF365400237B8F /* Debug */,
				4C7831731BEF365400237B8F /* Release */,
			);
			defaultConfigurationIsVisible = 0;
			defaultConfigurationName = Release;
		};
		4C7831741BEF365400237B8F /* Build configuration list for PBXNativeTarget "[007]Poly" */ = {
			isa = XCConfigurationList;
			buildConfigurations = (
				4C7831751BEF365400237B8F /* Debug */,
				4C7831761BEF365400237B8F /* Release */,
			);
			defaultConfigurationIsVisible = 0;
		};
/* End XCConfigurationList section */
	};
	rootObject = 4C7831651BEF365400237B8F /* Project object */;
}
