// !$*UTF8*$!
{
	archiveVersion = 1;
	classes = {
	};
	objectVersion = 46;
	objects = {

/* Begin PBXBuildFile section */
		E60B36621BFEE7CC00EC7396 /* AppDelegate.swift in Sources */ = {isa = PBXBuildFile; fileRef = E60B36611BFEE7CC00EC7396 /* AppDelegate.swift */; };
		E60B36641BFEE7CC00EC7396 /* ViewController.swift in Sources */ = {isa = PBXBuildFile; fileRef = E60B36631BFEE7CC00EC7396 /* ViewController.swift */; };
		E60B36671BFEE7CC00EC7396 /* Main.storyboard in Resources */ = {isa = PBXBuildFile; fileRef = E60B36651BFEE7CC00EC7396 /* Main.storyboard */; };
		E60B366A1BFEE7CC00EC7396 /* MySubView.xcdatamodeld in Sources */ = {isa = PBXBuildFile; fileRef = E60B36681BFEE7CC00EC7396 /* MySubView.xcdatamodeld */; };
		E60B366C1BFEE7CC00EC7396 /* Assets.xcassets in Resources */ = {isa = PBXBuildFile; fileRef = E60B366B1BFEE7CC00EC7396 /* Assets.xcassets */; };
		E60B366F1BFEE7CC00EC7396 /* LaunchScreen.storyboard in Resources */ = {isa = PBXBuildFile; fileRef = E60B366D1BFEE7CC00EC7396 /* LaunchScreen.storyboard */; };
		E60B367A1BFEE7CC00EC7396 /* MySubViewTests.swift in Sources */ = {isa = PBXBuildFile; fileRef = E60B36791BFEE7CC00EC7396 /* MySubViewTests.swift */; };
		E60B36851BFEE7CC00EC7396 /* MySubViewUITests.swift in Sources */ = {isa = PBXBuildFile; fileRef = E60B36841BFEE7CC00EC7396 /* MySubViewUITests.swift */; };
		E60B36931BFEE8BB00EC7396 /* MyView.swift in Sources */ = {isa = PBXBuildFile; fileRef = E60B36921BFEE8BB00EC7396 /* MyView.swift */; settings = {ASSET_TAGS = (); }; };
		E60B36951BFEE8E400EC7396 /* MySubView1.swift in Sources */ = {isa = PBXBuildFile; fileRef = E60B36941BFEE8E400EC7396 /* MySubView1.swift */; settings = {ASSET_TAGS = (); }; };
		E60B36971BFEE90400EC7396 /* MySubView2.swift in Sources */ = {isa = PBXBuildFile; fileRef = E60B36961BFEE90400EC7396 /* MySubView2.swift */; settings = {ASSET_TAGS = (); }; };
		E60B36991BFEE91D00EC7396 /* MySubView3.swift in Sources */ = {isa = PBXBuildFile; fileRef = E60B36981BFEE91D00EC7396 /* MySubView3.swift */; settings = {ASSET_TAGS = (); }; };
/* End PBXBuildFile section */

/* Begin PBXContainerItemProxy section */
		E60B36761BFEE7CC00EC7396 /* PBXContainerItemProxy */ = {
			isa = PBXContainerItemProxy;
			containerPortal = E60B36561BFEE7CC00EC7396 /* Project object */;
			proxyType = 1;
			remoteGlobalIDString = E60B365D1BFEE7CC00EC7396;
			remoteInfo = MySubView;
		};
		E60B36811BFEE7CC00EC7396 /* PBXContainerItemProxy */ = {
			isa = PBXContainerItemProxy;
			containerPortal = E60B36561BFEE7CC00EC7396 /* Project object */;
			proxyType = 1;
			remoteGlobalIDString = E60B365D1BFEE7CC00EC7396;
			remoteInfo = MySubView;
		};
/* End PBXContainerItemProxy section */

/* Begin PBXFileReference section */
		E60B365E1BFEE7CC00EC7396 /* MySubView.app */ = {isa = PBXFileReference; explicitFileType = wrapper.application; includeInIndex = 0; path = MySubView.app; sourceTree = BUILT_PRODUCTS_DIR; };
		E60B36611BFEE7CC00EC7396 /* AppDelegate.swift */ = {isa = PBXFileReference; lastKnownFileType = sourcecode.swift; path = AppDelegate.swift; sourceTree = "<group>"; };
		E60B36631BFEE7CC00EC7396 /* ViewController.swift */ = {isa = PBXFileReference; lastKnownFileType = sourcecode.swift; path = ViewController.swift; sourceTree = "<group>"; };
		E60B36661BFEE7CC00EC7396 /* Base */ = {isa = PBXFileReference; lastKnownFileType = file.storyboard; name = Base; path = Base.lproj/Main.storyboard; sourceTree = "<group>"; };
		E60B36691BFEE7CC00EC7396 /* MySubView.xcdatamodel */ = {isa = PBXFileReference; lastKnownFileType = wrapper.xcdatamodel; path = MySubView.xcdatamodel; sourceTree = "<group>"; };
		E60B366B1BFEE7CC00EC7396 /* Assets.xcassets */ = {isa = PBXFileReference; lastKnownFileType = folder.assetcatalog; path = Assets.xcassets; sourceTree = "<group>"; };
		E60B366E1BFEE7CC00EC7396 /* Base */ = {isa = PBXFileReference; lastKnownFileType = file.storyboard; name = Base; path = Base.lproj/LaunchScreen.storyboard; sourceTree = "<group>"; };
		E60B36701BFEE7CC00EC7396 /* Info.plist */ = {isa = PBXFileReference; lastKnownFileType = text.plist.xml; path = Info.plist; sourceTree = "<group>"; };
		E60B36751BFEE7CC00EC7396 /* MySubViewTests.xctest */ = {isa = PBXFileReference; explicitFileType = wrapper.cfbundle; includeInIndex = 0; path = MySubViewTests.xctest; sourceTree = BUILT_PRODUCTS_DIR; };
		E60B36791BFEE7CC00EC7396 /* MySubViewTests.swift */ = {isa = PBXFileReference; lastKnownFileType = sourcecode.swift; path = MySubViewTests.swift; sourceTree = "<group>"; };
		E60B367B1BFEE7CC00EC7396 /* Info.plist */ = {isa = PBXFileReference; lastKnownFileType = text.plist.xml; path = Info.plist; sourceTree = "<group>"; };
		E60B36801BFEE7CC00EC7396 /* MySubViewUITests.xctest */ = {isa = PBXFileReference; explicitFileType = wrapper.cfbundle; includeInIndex = 0; path = MySubViewUITests.xctest; sourceTree = BUILT_PRODUCTS_DIR; };
		E60B36841BFEE7CC00EC7396 /* MySubViewUITests.swift */ = {isa = PBXFileReference; lastKnownFileType = sourcecode.swift; path = MySubViewUITests.swift; sourceTree = "<group>"; };
		E60B36861BFEE7CC00EC7396 /* Info.plist */ = {isa = PBXFileReference; lastKnownFileType = text.plist.xml; path = Info.plist; sourceTree = "<group>"; };
		E60B36921BFEE8BB00EC7396 /* MyView.swift */ = {isa = PBXFileReference; fileEncoding = 4; lastKnownFileType = sourcecode.swift; path = MyView.swift; sourceTree = "<group>"; };
		E60B36941BFEE8E400EC7396 /* MySubView1.swift */ = {isa = PBXFileReference; fileEncoding = 4; lastKnownFileType = sourcecode.swift; path = MySubView1.swift; sourceTree = "<group>"; };
		E60B36961BFEE90400EC7396 /* MySubView2.swift */ = {isa = PBXFileReference; fileEncoding = 4; lastKnownFileType = sourcecode.swift; path = MySubView2.swift; sourceTree = "<group>"; };
		E60B36981BFEE91D00EC7396 /* MySubView3.swift */ = {isa = PBXFileReference; fileEncoding = 4; lastKnownFileType = sourcecode.swift; path = MySubView3.swift; sourceTree = "<group>"; };
/* End PBXFileReference section */

/* Begin PBXFrameworksBuildPhase section */
		E60B365B1BFEE7CC00EC7396 /* Frameworks */ = {
			isa = PBXFrameworksBuildPhase;
			buildActionMask = 2147483647;
			files = (
			);
			runOnlyForDeploymentPostprocessing = 0;
		};
		E60B36721BFEE7CC00EC7396 /* Frameworks */ = {
			isa = PBXFrameworksBuildPhase;
			buildActionMask = 2147483647;
			files = (
			);
			runOnlyForDeploymentPostprocessing = 0;
		};
		E60B367D1BFEE7CC00EC7396 /* Frameworks */ = {
			isa = PBXFrameworksBuildPhase;
			buildActionMask = 2147483647;
			files = (
			);
			runOnlyForDeploymentPostprocessing = 0;
		};
/* End PBXFrameworksBuildPhase section */

/* Begin PBXGroup section */
		E60B36551BFEE7CC00EC7396 = {
			isa = PBXGroup;
			children = (
				E60B36601BFEE7CC00EC7396 /* MySubView */,
				E60B36781BFEE7CC00EC7396 /* MySubViewTests */,
				E60B36831BFEE7CC00EC7396 /* MySubViewUITests */,
				E60B365F1BFEE7CC00EC7396 /* Products */,
			);
			sourceTree = "<group>";
		};
		E60B365F1BFEE7CC00EC7396 /* Products */ = {
			isa = PBXGroup;
			children = (
				E60B365E1BFEE7CC00EC7396 /* MySubView.app */,
				E60B36751BFEE7CC00EC7396 /* MySubViewTests.xctest */,
				E60B36801BFEE7CC00EC7396 /* MySubViewUITests.xctest */,
			);
			name = Products;
			sourceTree = "<group>";
		};
		E60B36601BFEE7CC00EC7396 /* MySubView */ = {
			isa = PBXGroup;
			children = (
				E60B36611BFEE7CC00EC7396 /* AppDelegate.swift */,
				E60B36631BFEE7CC00EC7396 /* ViewController.swift */,
				E60B36651BFEE7CC00EC7396 /* Main.storyboard */,
				E60B366B1BFEE7CC00EC7396 /* Assets.xcassets */,
				E60B366D1BFEE7CC00EC7396 /* LaunchScreen.storyboard */,
				E60B36701BFEE7CC00EC7396 /* Info.plist */,
				E60B36681BFEE7CC00EC7396 /* MySubView.xcdatamodeld */,
				E60B36921BFEE8BB00EC7396 /* MyView.swift */,
				E60B36941BFEE8E400EC7396 /* MySubView1.swift */,
				E60B36961BFEE90400EC7396 /* MySubView2.swift */,
				E60B36981BFEE91D00EC7396 /* MySubView3.swift */,
			);
			path = MySubView;
			sourceTree = "<group>";
		};
		E60B36781BFEE7CC00EC7396 /* MySubViewTests */ = {
			isa = PBXGroup;
			children = (
				E60B36791BFEE7CC00EC7396 /* MySubViewTests.swift */,
				E60B367B1BFEE7CC00EC7396 /* Info.plist */,
			);
			path = MySubViewTests;
			sourceTree = "<group>";
		};
		E60B36831BFEE7CC00EC7396 /* MySubViewUITests */ = {
			isa = PBXGroup;
			children = (
				E60B36841BFEE7CC00EC7396 /* MySubViewUITests.swift */,
				E60B36861BFEE7CC00EC7396 /* Info.plist */,
			);
			path = MySubViewUITests;
			sourceTree = "<group>";
		};
/* End PBXGroup section */

/* Begin PBXNativeTarget section */
		E60B365D1BFEE7CC00EC7396 /* MySubView */ = {
			isa = PBXNativeTarget;
			buildConfigurationList = E60B36891BFEE7CC00EC7396 /* Build configuration list for PBXNativeTarget "MySubView" */;
			buildPhases = (
				E60B365A1BFEE7CC00EC7396 /* Sources */,
				E60B365B1BFEE7CC00EC7396 /* Frameworks */,
				E60B365C1BFEE7CC00EC7396 /* Resources */,
			);
			buildRules = (
			);
			dependencies = (
			);
			name = MySubView;
			productName = MySubView;
			productReference = E60B365E1BFEE7CC00EC7396 /* MySubView.app */;
			productType = "com.apple.product-type.application";
		};
		E60B36741BFEE7CC00EC7396 /* MySubViewTests */ = {
			isa = PBXNativeTarget;
			buildConfigurationList = E60B368C1BFEE7CC00EC7396 /* Build configuration list for PBXNativeTarget "MySubViewTests" */;
			buildPhases = (
				E60B36711BFEE7CC00EC7396 /* Sources */,
				E60B36721BFEE7CC00EC7396 /* Frameworks */,
				E60B36731BFEE7CC00EC7396 /* Resources */,
			);
			buildRules = (
			);
			dependencies = (
				E60B36771BFEE7CC00EC7396 /* PBXTargetDependency */,
			);
			name = MySubViewTests;
			productName = MySubViewTests;
			productReference = E60B36751BFEE7CC00EC7396 /* MySubViewTests.xctest */;
			productType = "com.apple.product-type.bundle.unit-test";
		};
		E60B367F1BFEE7CC00EC7396 /* MySubViewUITests */ = {
			isa = PBXNativeTarget;
			buildConfigurationList = E60B368F1BFEE7CC00EC7396 /* Build configuration list for PBXNativeTarget "MySubViewUITests" */;
			buildPhases = (
				E60B367C1BFEE7CC00EC7396 /* Sources */,
				E60B367D1BFEE7CC00EC7396 /* Frameworks */,
				E60B367E1BFEE7CC00EC7396 /* Resources */,
			);
			buildRules = (
			);
			dependencies = (
				E60B36821BFEE7CC00EC7396 /* PBXTargetDependency */,
			);
			name = MySubViewUITests;
			productName = MySubViewUITests;
			productReference = E60B36801BFEE7CC00EC7396 /* MySubViewUITests.xctest */;
			productType = "com.apple.product-type.bundle.ui-testing";
		};
/* End PBXNativeTarget section */

/* Begin PBXProject section */
		E60B36561BFEE7CC00EC7396 /* Project object */ = {
			isa = PBXProject;
			attributes = {
				LastUpgradeCheck = 0700;
				ORGANIZATIONNAME = pzyyll;
				TargetAttributes = {
					E60B365D1BFEE7CC00EC7396 = {
						CreatedOnToolsVersion = 7.0.1;
					};
					E60B36741BFEE7CC00EC7396 = {
						CreatedOnToolsVersion = 7.0.1;
						TestTargetID = E60B365D1BFEE7CC00EC7396;
					};
					E60B367F1BFEE7CC00EC7396 = {
						CreatedOnToolsVersion = 7.0.1;
						TestTargetID = E60B365D1BFEE7CC00EC7396;
					};
				};
			};
			buildConfigurationList = E60B36591BFEE7CC00EC7396 /* Build configuration list for PBXProject "MySubView" */;
			compatibilityVersion = "Xcode 3.2";
			developmentRegion = English;
			hasScannedForEncodings = 0;
			knownRegions = (
				en,
				Base,
			);
			mainGroup = E60B36551BFEE7CC00EC7396;
			productRefGroup = E60B365F1BFEE7CC00EC7396 /* Products */;
			projectDirPath = "";
			projectRoot = "";
			targets = (
				E60B365D1BFEE7CC00EC7396 /* MySubView */,
				E60B36741BFEE7CC00EC7396 /* MySubViewTests */,
				E60B367F1BFEE7CC00EC7396 /* MySubViewUITests */,
			);
		};
/* End PBXProject section */

/* Begin PBXResourcesBuildPhase section */
		E60B365C1BFEE7CC00EC7396 /* Resources */ = {
			isa = PBXResourcesBuildPhase;
			buildActionMask = 2147483647;
			files = (
				E60B366F1BFEE7CC00EC7396 /* LaunchScreen.storyboard in Resources */,
				E60B366C1BFEE7CC00EC7396 /* Assets.xcassets in Resources */,
				E60B36671BFEE7CC00EC7396 /* Main.storyboard in Resources */,
			);
			runOnlyForDeploymentPostprocessing = 0;
		};
		E60B36731BFEE7CC00EC7396 /* Resources */ = {
			isa = PBXResourcesBuildPhase;
			buildActionMask = 2147483647;
			files = (
			);
			runOnlyForDeploymentPostprocessing = 0;
		};
		E60B367E1BFEE7CC00EC7396 /* Resources */ = {
			isa = PBXResourcesBuildPhase;
			buildActionMask = 2147483647;
			files = (
			);
			runOnlyForDeploymentPostprocessing = 0;
		};
/* End PBXResourcesBuildPhase section */

/* Begin PBXSourcesBuildPhase section */
		E60B365A1BFEE7CC00EC7396 /* Sources */ = {
			isa = PBXSourcesBuildPhase;
			buildActionMask = 2147483647;
			files = (
				E60B36931BFEE8BB00EC7396 /* MyView.swift in Sources */,
				E60B36641BFEE7CC00EC7396 /* ViewController.swift in Sources */,
				E60B36991BFEE91D00EC7396 /* MySubView3.swift in Sources */,
				E60B36951BFEE8E400EC7396 /* MySubView1.swift in Sources */,
				E60B366A1BFEE7CC00EC7396 /* MySubView.xcdatamodeld in Sources */,
				E60B36971BFEE90400EC7396 /* MySubView2.swift in Sources */,
				E60B36621BFEE7CC00EC7396 /* AppDelegate.swift in Sources */,
			);
			runOnlyForDeploymentPostprocessing = 0;
		};
		E60B36711BFEE7CC00EC7396 /* Sources */ = {
			isa = PBXSourcesBuildPhase;
			buildActionMask = 2147483647;
			files = (
				E60B367A1BFEE7CC00EC7396 /* MySubViewTests.swift in Sources */,
			);
			runOnlyForDeploymentPostprocessing = 0;
		};
		E60B367C1BFEE7CC00EC7396 /* Sources */ = {
			isa = PBXSourcesBuildPhase;
			buildActionMask = 2147483647;
			files = (
				E60B36851BFEE7CC00EC7396 /* MySubViewUITests.swift in Sources */,
			);
			runOnlyForDeploymentPostprocessing = 0;
		};
/* End PBXSourcesBuildPhase section */

/* Begin PBXTargetDependency section */
		E60B36771BFEE7CC00EC7396 /* PBXTargetDependency */ = {
			isa = PBXTargetDependency;
			target = E60B365D1BFEE7CC00EC7396 /* MySubView */;
			targetProxy = E60B36761BFEE7CC00EC7396 /* PBXContainerItemProxy */;
		};
		E60B36821BFEE7CC00EC7396 /* PBXTargetDependency */ = {
			isa = PBXTargetDependency;
			target = E60B365D1BFEE7CC00EC7396 /* MySubView */;
			targetProxy = E60B36811BFEE7CC00EC7396 /* PBXContainerItemProxy */;
		};
/* End PBXTargetDependency section */

/* Begin PBXVariantGroup section */
		E60B36651BFEE7CC00EC7396 /* Main.storyboard */ = {
			isa = PBXVariantGroup;
			children = (
				E60B36661BFEE7CC00EC7396 /* Base */,
			);
			name = Main.storyboard;
			sourceTree = "<group>";
		};
		E60B366D1BFEE7CC00EC7396 /* LaunchScreen.storyboard */ = {
			isa = PBXVariantGroup;
			children = (
				E60B366E1BFEE7CC00EC7396 /* Base */,
			);
			name = LaunchScreen.storyboard;
			sourceTree = "<group>";
		};
/* End PBXVariantGroup section */

/* Begin XCBuildConfiguration section */
		E60B36871BFEE7CC00EC7396 /* Debug */ = {
			isa = XCBuildConfiguration;
			buildSettings = {
				ALWAYS_SEARCH_USER_PATHS = NO;
				CLANG_CXX_LANGUAGE_STANDARD = "gnu++0x";
				CLANG_CXX_LIBRARY = "libc++";
				CLANG_ENABLE_MODULES = YES;
				CLANG_ENABLE_OBJC_ARC = YES;
				CLANG_WARN_BOOL_CONVERSION = YES;
				CLANG_WARN_CONSTANT_CONVERSION = YES;
				CLANG_WARN_DIRECT_OBJC_ISA_USAGE = YES_ERROR;
				CLANG_WARN_EMPTY_BODY = YES;
				CLANG_WARN_ENUM_CONVERSION = YES;
				CLANG_WARN_INT_CONVERSION = YES;
				CLANG_WARN_OBJC_ROOT_CLASS = YES_ERROR;
				CLANG_WARN_UNREACHABLE_CODE = YES;
				CLANG_WARN__DUPLICATE_METHOD_MATCH = YES;
				"CODE_SIGN_IDENTITY[sdk=iphoneos*]" = "iPhone Developer";
				COPY_PHASE_STRIP = NO;
				DEBUG_INFORMATION_FORMAT = dwarf;
				ENABLE_STRICT_OBJC_MSGSEND = YES;
				ENABLE_TESTABILITY = YES;
				GCC_C_LANGUAGE_STANDARD = gnu99;
				GCC_DYNAMIC_NO_PIC = NO;
				GCC_NO_COMMON_BLOCKS = YES;
				GCC_OPTIMIZATION_LEVEL = 0;
				GCC_PREPROCESSOR_DEFINITIONS = (
					"DEBUG=1",
					"$(inherited)",
				);
				GCC_WARN_64_TO_32_BIT_CONVERSION = YES;
				GCC_WARN_ABOUT_RETURN_TYPE = YES_ERROR;
				GCC_WARN_UNDECLARED_SELECTOR = YES;
				GCC_WARN_UNINITIALIZED_AUTOS = YES_AGGRESSIVE;
				GCC_WARN_UNUSED_FUNCTION = YES;
				GCC_WARN_UNUSED_VARIABLE = YES;
				IPHONEOS_DEPLOYMENT_TARGET = 9.0;
				MTL_ENABLE_DEBUG_INFO = YES;
				ONLY_ACTIVE_ARCH = YES;
				SDKROOT = iphoneos;
				SWIFT_OPTIMIZATION_LEVEL = "-Onone";
				TARGETED_DEVICE_FAMILY = "1,2";
			};
			name = Debug;
		};
		E60B36881BFEE7CC00EC7396 /* Release */ = {
			isa = XCBuildConfiguration;
			buildSettings = {
				ALWAYS_SEARCH_USER_PATHS = NO;
				CLANG_CXX_LANGUAGE_STANDARD = "gnu++0x";
				CLANG_CXX_LIBRARY = "libc++";
				CLANG_ENABLE_MODULES = YES;
				CLANG_ENABLE_OBJC_ARC = YES;
				CLANG_WARN_BOOL_CONVERSION = YES;
				CLANG_WARN_CONSTANT_CONVERSION = YES;
				CLANG_WARN_DIRECT_OBJC_ISA_USAGE = YES_ERROR;
				CLANG_WARN_EMPTY_BODY = YES;
				CLANG_WARN_ENUM_CONVERSION = YES;
				CLANG_WARN_INT_CONVERSION = YES;
				CLANG_WARN_OBJC_ROOT_CLASS = YES_ERROR;
				CLANG_WARN_UNREACHABLE_CODE = YES;
				CLANG_WARN__DUPLICATE_METHOD_MATCH = YES;
				"CODE_SIGN_IDENTITY[sdk=iphoneos*]" = "iPhone Developer";
				COPY_PHASE_STRIP = NO;
				DEBUG_INFORMATION_FORMAT = "dwarf-with-dsym";
				ENABLE_NS_ASSERTIONS = NO;
				ENABLE_STRICT_OBJC_MSGSEND = YES;
				GCC_C_LANGUAGE_STANDARD = gnu99;
				GCC_NO_COMMON_BLOCKS = YES;
				GCC_WARN_64_TO_32_BIT_CONVERSION = YES;
				GCC_WARN_ABOUT_RETURN_TYPE = YES_ERROR;
				GCC_WARN_UNDECLARED_SELECTOR = YES;
				GCC_WARN_UNINITIALIZED_AUTOS = YES_AGGRESSIVE;
				GCC_WARN_UNUSED_FUNCTION = YES;
				GCC_WARN_UNUSED_VARIABLE = YES;
				IPHONEOS_DEPLOYMENT_TARGET = 9.0;
				MTL_ENABLE_DEBUG_INFO = NO;
				SDKROOT = iphoneos;
				TARGETED_DEVICE_FAMILY = "1,2";
				VALIDATE_PRODUCT = YES;
			};
			name = Release;
		};
		E60B368A1BFEE7CC00EC7396 /* Debug */ = {
			isa = XCBuildConfiguration;
			buildSettings = {
				ASSETCATALOG_COMPILER_APPICON_NAME = AppIcon;
				INFOPLIST_FILE = MySubView/Info.plist;
				LD_RUNPATH_SEARCH_PATHS = "$(inherited) @executable_path/Frameworks";
				PRODUCT_BUNDLE_IDENTIFIER = cab.MySubView;
				PRODUCT_NAME = "$(TARGET_NAME)";
			};
			name = Debug;
		};
		E60B368B1BFEE7CC00EC7396 /* Release */ = {
			isa = XCBuildConfiguration;
			buildSettings = {
				ASSETCATALOG_COMPILER_APPICON_NAME = AppIcon;
				INFOPLIST_FILE = MySubView/Info.plist;
				LD_RUNPATH_SEARCH_PATHS = "$(inherited) @executable_path/Frameworks";
				PRODUCT_BUNDLE_IDENTIFIER = cab.MySubView;
				PRODUCT_NAME = "$(TARGET_NAME)";
			};
			name = Release;
		};
		E60B368D1BFEE7CC00EC7396 /* Debug */ = {
			isa = XCBuildConfiguration;
			buildSettings = {
				BUNDLE_LOADER = "$(TEST_HOST)";
				INFOPLIST_FILE = MySubViewTests/Info.plist;
				LD_RUNPATH_SEARCH_PATHS = "$(inherited) @executable_path/Frameworks @loader_path/Frameworks";
				PRODUCT_BUNDLE_IDENTIFIER = cab.MySubViewTests;
				PRODUCT_NAME = "$(TARGET_NAME)";
				TEST_HOST = "$(BUILT_PRODUCTS_DIR)/MySubView.app/MySubView";
			};
			name = Debug;
		};
		E60B368E1BFEE7CC00EC7396 /* Release */ = {
			isa = XCBuildConfiguration;
			buildSettings = {
				BUNDLE_LOADER = "$(TEST_HOST)";
				INFOPLIST_FILE = MySubViewTests/Info.plist;
				LD_RUNPATH_SEARCH_PATHS = "$(inherited) @executable_path/Frameworks @loader_path/Frameworks";
				PRODUCT_BUNDLE_IDENTIFIER = cab.MySubViewTests;
				PRODUCT_NAME = "$(TARGET_NAME)";
				TEST_HOST = "$(BUILT_PRODUCTS_DIR)/MySubView.app/MySubView";
			};
			name = Release;
		};
		E60B36901BFEE7CC00EC7396 /* Debug */ = {
			isa = XCBuildConfiguration;
			buildSettings = {
				INFOPLIST_FILE = MySubViewUITests/Info.plist;
				LD_RUNPATH_SEARCH_PATHS = "$(inherited) @executable_path/Frameworks @loader_path/Frameworks";
				PRODUCT_BUNDLE_IDENTIFIER = cab.MySubViewUITests;
				PRODUCT_NAME = "$(TARGET_NAME)";
				TEST_TARGET_NAME = MySubView;
				USES_XCTRUNNER = YES;
			};
			name = Debug;
		};
		E60B36911BFEE7CC00EC7396 /* Release */ = {
			isa = XCBuildConfiguration;
			buildSettings = {
				INFOPLIST_FILE = MySubViewUITests/Info.plist;
				LD_RUNPATH_SEARCH_PATHS = "$(inherited) @executable_path/Frameworks @loader_path/Frameworks";
				PRODUCT_BUNDLE_IDENTIFIER = cab.MySubViewUITests;
				PRODUCT_NAME = "$(TARGET_NAME)";
				TEST_TARGET_NAME = MySubView;
				USES_XCTRUNNER = YES;
			};
			name = Release;
		};
/* End XCBuildConfiguration section */

/* Begin XCConfigurationList section */
		E60B36591BFEE7CC00EC7396 /* Build configuration list for PBXProject "MySubView" */ = {
			isa = XCConfigurationList;
			buildConfigurations = (
				E60B36871BFEE7CC00EC7396 /* Debug */,
				E60B36881BFEE7CC00EC7396 /* Release */,
			);
			defaultConfigurationIsVisible = 0;
			defaultConfigurationName = Release;
		};
		E60B36891BFEE7CC00EC7396 /* Build configuration list for PBXNativeTarget "MySubView" */ = {
			isa = XCConfigurationList;
			buildConfigurations = (
				E60B368A1BFEE7CC00EC7396 /* Debug */,
				E60B368B1BFEE7CC00EC7396 /* Release */,
			);
			defaultConfigurationIsVisible = 0;
		};
		E60B368C1BFEE7CC00EC7396 /* Build configuration list for PBXNativeTarget "MySubViewTests" */ = {
			isa = XCConfigurationList;
			buildConfigurations = (
				E60B368D1BFEE7CC00EC7396 /* Debug */,
				E60B368E1BFEE7CC00EC7396 /* Release */,
			);
			defaultConfigurationIsVisible = 0;
		};
		E60B368F1BFEE7CC00EC7396 /* Build configuration list for PBXNativeTarget "MySubViewUITests" */ = {
			isa = XCConfigurationList;
			buildConfigurations = (
				E60B36901BFEE7CC00EC7396 /* Debug */,
				E60B36911BFEE7CC00EC7396 /* Release */,
			);
			defaultConfigurationIsVisible = 0;
		};
/* End XCConfigurationList section */

/* Begin XCVersionGroup section */
		E60B36681BFEE7CC00EC7396 /* MySubView.xcdatamodeld */ = {
			isa = XCVersionGroup;
			children = (
				E60B36691BFEE7CC00EC7396 /* MySubView.xcdatamodel */,
			);
			currentVersion = E60B36691BFEE7CC00EC7396 /* MySubView.xcdatamodel */;
			path = MySubView.xcdatamodeld;
			sourceTree = "<group>";
			versionGroupType = wrapper.xcdatamodel;
		};
/* End XCVersionGroup section */
	};
	rootObject = E60B36561BFEE7CC00EC7396 /* Project object */;
}
